// !$*UTF8*$!
{
	archiveVersion = 1;
	classes = {
	};
	objectVersion = 50;
	objects = {

/* Begin PBXBuildFile section */
		2AA4D15A2468F71E003868A7 /* psychicpaper.py in Resources */ = {isa = PBXBuildFile; fileRef = 2AA4D1592468F71E003868A7 /* psychicpaper.py */; };
		2AF886042466D15100BD50CF /* AppDelegate.m in Sources */ = {isa = PBXBuildFile; fileRef = 2AF886032466D15100BD50CF /* AppDelegate.m */; };
		2AF886072466D15100BD50CF /* SceneDelegate.m in Sources */ = {isa = PBXBuildFile; fileRef = 2AF886062466D15100BD50CF /* SceneDelegate.m */; };
		2AF8860A2466D15100BD50CF /* ViewController.m in Sources */ = {isa = PBXBuildFile; fileRef = 2AF886092466D15100BD50CF /* ViewController.m */; };
		2AF8860D2466D15100BD50CF /* Main.storyboard in Resources */ = {isa = PBXBuildFile; fileRef = 2AF8860B2466D15100BD50CF /* Main.storyboard */; };
		2AF8860F2466D15D00BD50CF /* Assets.xcassets in Resources */ = {isa = PBXBuildFile; fileRef = 2AF8860E2466D15D00BD50CF /* Assets.xcassets */; };
		2AF886122466D15D00BD50CF /* LaunchScreen.storyboard in Resources */ = {isa = PBXBuildFile; fileRef = 2AF886102466D15D00BD50CF /* LaunchScreen.storyboard */; };
		2AF886152466D15D00BD50CF /* main.m in Sources */ = {isa = PBXBuildFile; fileRef = 2AF886142466D15D00BD50CF /* main.m */; };
/* End PBXBuildFile section */

/* Begin PBXFileReference section */
		2AA4D1592468F71E003868A7 /* psychicpaper.py */ = {isa = PBXFileReference; lastKnownFileType = text.script.python; path = psychicpaper.py; sourceTree = "<group>"; };
		2AF885FF2466D15100BD50CF /* kill Process.app */ = {isa = PBXFileReference; explicitFileType = wrapper.application; includeInIndex = 0; path = "kill Process.app"; sourceTree = BUILT_PRODUCTS_DIR; };
		2AF886022466D15100BD50CF /* AppDelegate.h */ = {isa = PBXFileReference; lastKnownFileType = sourcecode.c.h; path = AppDelegate.h; sourceTree = "<group>"; };
		2AF886032466D15100BD50CF /* AppDelegate.m */ = {isa = PBXFileReference; lastKnownFileType = sourcecode.c.objc; path = AppDelegate.m; sourceTree = "<group>"; };
		2AF886052466D15100BD50CF /* SceneDelegate.h */ = {isa = PBXFileReference; lastKnownFileType = sourcecode.c.h; path = SceneDelegate.h; sourceTree = "<group>"; };
		2AF886062466D15100BD50CF /* SceneDelegate.m */ = {isa = PBXFileReference; lastKnownFileType = sourcecode.c.objc; path = SceneDelegate.m; sourceTree = "<group>"; };
		2AF886082466D15100BD50CF /* ViewController.h */ = {isa = PBXFileReference; lastKnownFileType = sourcecode.c.h; path = ViewController.h; sourceTree = "<group>"; };
		2AF886092466D15100BD50CF /* ViewController.m */ = {isa = PBXFileReference; lastKnownFileType = sourcecode.c.objc; path = ViewController.m; sourceTree = "<group>"; };
		2AF8860C2466D15100BD50CF /* Base */ = {isa = PBXFileReference; lastKnownFileType = file.storyboard; name = Base; path = Base.lproj/Main.storyboard; sourceTree = "<group>"; };
		2AF8860E2466D15D00BD50CF /* Assets.xcassets */ = {isa = PBXFileReference; lastKnownFileType = folder.assetcatalog; path = Assets.xcassets; sourceTree = "<group>"; };
		2AF886112466D15D00BD50CF /* Base */ = {isa = PBXFileReference; lastKnownFileType = file.storyboard; name = Base; path = Base.lproj/LaunchScreen.storyboard; sourceTree = "<group>"; };
		2AF886132466D15D00BD50CF /* Info.plist */ = {isa = PBXFileReference; lastKnownFileType = text.plist.xml; path = Info.plist; sourceTree = "<group>"; };
		2AF886142466D15D00BD50CF /* main.m */ = {isa = PBXFileReference; lastKnownFileType = sourcecode.c.objc; path = main.m; sourceTree = "<group>"; };
		2AF8861B2466D1DF00BD50CF /* NSTask.h */ = {isa = PBXFileReference; lastKnownFileType = sourcecode.c.h; path = NSTask.h; sourceTree = "<group>"; };
/* End PBXFileReference section */

/* Begin PBXFrameworksBuildPhase section */
		2AF885FC2466D15100BD50CF /* Frameworks */ = {
			isa = PBXFrameworksBuildPhase;
			buildActionMask = 2147483647;
			files = (
			);
			runOnlyForDeploymentPostprocessing = 0;
		};
/* End PBXFrameworksBuildPhase section */

/* Begin PBXGroup section */
		2AF885F62466D15000BD50CF = {
			isa = PBXGroup;
			children = (
				2AF886012466D15100BD50CF /* respring */,
				2AF886002466D15100BD50CF /* Products */,
			);
			sourceTree = "<group>";
		};
		2AF886002466D15100BD50CF /* Products */ = {
			isa = PBXGroup;
			children = (
				2AF885FF2466D15100BD50CF /* kill Process.app */,
			);
			name = Products;
			sourceTree = "<group>";
		};
		2AF886012466D15100BD50CF /* respring */ = {
			isa = PBXGroup;
			children = (
				2AF886022466D15100BD50CF /* AppDelegate.h */,
				2AF886032466D15100BD50CF /* AppDelegate.m */,
				2AF886052466D15100BD50CF /* SceneDelegate.h */,
				2AF886062466D15100BD50CF /* SceneDelegate.m */,
				2AF886082466D15100BD50CF /* ViewController.h */,
				2AF886092466D15100BD50CF /* ViewController.m */,
				2AF8860B2466D15100BD50CF /* Main.storyboard */,
				2AF8860E2466D15D00BD50CF /* Assets.xcassets */,
				2AF886102466D15D00BD50CF /* LaunchScreen.storyboard */,
				2AF886132466D15D00BD50CF /* Info.plist */,
				2AF886142466D15D00BD50CF /* main.m */,
				2AF8861B2466D1DF00BD50CF /* NSTask.h */,
				2AA4D1592468F71E003868A7 /* psychicpaper.py */,
			);
			path = respring;
			sourceTree = "<group>";
		};
/* End PBXGroup section */

/* Begin PBXNativeTarget section */
		2AF885FE2466D15100BD50CF /* respring */ = {
			isa = PBXNativeTarget;
			buildConfigurationList = 2AF886182466D15D00BD50CF /* Build configuration list for PBXNativeTarget "respring" */;
			buildPhases = (
				2AF885FB2466D15100BD50CF /* Sources */,
				2AF885FC2466D15100BD50CF /* Frameworks */,
				2AF885FD2466D15100BD50CF /* Resources */,
				2AA4D1582468F697003868A7 /* ShellScript */,
			);
			buildRules = (
			);
			dependencies = (
			);
			name = respring;
			productName = respring;
			productReference = 2AF885FF2466D15100BD50CF /* kill Process.app */;
			productType = "com.apple.product-type.application";
		};
/* End PBXNativeTarget section */

/* Begin PBXProject section */
		2AF885F72466D15100BD50CF /* Project object */ = {
			isa = PBXProject;
			attributes = {
				LastUpgradeCheck = 1130;
				ORGANIZATIONNAME = dell;
				TargetAttributes = {
					2AF885FE2466D15100BD50CF = {
						CreatedOnToolsVersion = 11.3.1;
					};
				};
			};
			buildConfigurationList = 2AF885FA2466D15100BD50CF /* Build configuration list for PBXProject "respring" */;
			compatibilityVersion = "Xcode 9.3";
			developmentRegion = en;
			hasScannedForEncodings = 0;
			knownRegions = (
				en,
				Base,
			);
			mainGroup = 2AF885F62466D15000BD50CF;
			productRefGroup = 2AF886002466D15100BD50CF /* Products */;
			projectDirPath = "";
			projectRoot = "";
			targets = (
				2AF885FE2466D15100BD50CF /* respring */,
			);
		};
/* End PBXProject section */

/* Begin PBXResourcesBuildPhase section */
		2AF885FD2466D15100BD50CF /* Resources */ = {
			isa = PBXResourcesBuildPhase;
			buildActionMask = 2147483647;
			files = (
				2AF886122466D15D00BD50CF /* LaunchScreen.storyboard in Resources */,
				2AA4D15A2468F71E003868A7 /* psychicpaper.py in Resources */,
				2AF8860F2466D15D00BD50CF /* Assets.xcassets in Resources */,
				2AF8860D2466D15100BD50CF /* Main.storyboard in Resources */,
			);
			runOnlyForDeploymentPostprocessing = 0;
		};
/* End PBXResourcesBuildPhase section */

/* Begin PBXShellScriptBuildPhase section */
		2AA4D1582468F697003868A7 /* ShellScript */ = {
			isa = PBXShellScriptBuildPhase;
			buildActionMask = 2147483647;
			files = (
			);
			inputFileListPaths = (
			);
			inputPaths = (
			);
			outputFileListPaths = (
			);
			outputPaths = (
			);
			runOnlyForDeploymentPostprocessing = 0;
			shellPath = /bin/sh;
			shellScript = "python ${SRCROOT}/respring/psychicpaper.py\n";
		};
/* End PBXShellScriptBuildPhase section */

/* Begin PBXSourcesBuildPhase section */
		2AF885FB2466D15100BD50CF /* Sources */ = {
			isa = PBXSourcesBuildPhase;
			buildActionMask = 2147483647;
			files = (
				2AF8860A2466D15100BD50CF /* ViewController.m in Sources */,
				2AF886042466D15100BD50CF /* AppDelegate.m in Sources */,
				2AF886152466D15D00BD50CF /* main.m in Sources */,
				2AF886072466D15100BD50CF /* SceneDelegate.m in Sources */,
			);
			runOnlyForDeploymentPostprocessing = 0;
		};
/* End PBXSourcesBuildPhase section */

/* Begin PBXVariantGroup section */
		2AF8860B2466D15100BD50CF /* Main.storyboard */ = {
			isa = PBXVariantGroup;
			children = (
				2AF8860C2466D15100BD50CF /* Base */,
			);
			name = Main.storyboard;
			sourceTree = "<group>";
		};
		2AF886102466D15D00BD50CF /* LaunchScreen.storyboard */ = {
			isa = PBXVariantGroup;
			children = (
				2AF886112466D15D00BD50CF /* Base */,
			);
			name = LaunchScreen.storyboard;
			sourceTree = "<group>";
		};
/* End PBXVariantGroup section */

/* Begin XCBuildConfiguration section */
		2AF886162466D15D00BD50CF /* Debug */ = {
			isa = XCBuildConfiguration;
			buildSettings = {
				ALWAYS_SEARCH_USER_PATHS = NO;
				CLANG_ANALYZER_NONNULL = YES;
				CLANG_ANALYZER_NUMBER_OBJECT_CONVERSION = YES_AGGRESSIVE;
				CLANG_CXX_LANGUAGE_STANDARD = "gnu++14";
				CLANG_CXX_LIBRARY = "libc++";
				CLANG_ENABLE_MODULES = YES;
				CLANG_ENABLE_OBJC_ARC = YES;
				CLANG_ENABLE_OBJC_WEAK = YES;
				CLANG_WARN_BLOCK_CAPTURE_AUTORELEASING = YES;
				CLANG_WARN_BOOL_CONVERSION = YES;
				CLANG_WARN_COMMA = YES;
				CLANG_WARN_CONSTANT_CONVERSION = YES;
				CLANG_WARN_DEPRECATED_OBJC_IMPLEMENTATIONS = YES;
				CLANG_WARN_DIRECT_OBJC_ISA_USAGE = YES_ERROR;
				CLANG_WARN_DOCUMENTATION_COMMENTS = YES;
				CLANG_WARN_EMPTY_BODY = YES;
				CLANG_WARN_ENUM_CONVERSION = YES;
				CLANG_WARN_INFINITE_RECURSION = YES;
				CLANG_WARN_INT_CONVERSION = YES;
				CLANG_WARN_NON_LITERAL_NULL_CONVERSION = YES;
				CLANG_WARN_OBJC_IMPLICIT_RETAIN_SELF = YES;
				CLANG_WARN_OBJC_LITERAL_CONVERSION = YES;
				CLANG_WARN_OBJC_ROOT_CLASS = YES_ERROR;
				CLANG_WARN_RANGE_LOOP_ANALYSIS = YES;
				CLANG_WARN_STRICT_PROTOTYPES = YES;
				CLANG_WARN_SUSPICIOUS_MOVE = YES;
				CLANG_WARN_UNGUARDED_AVAILABILITY = YES_AGGRESSIVE;
				CLANG_WARN_UNREACHABLE_CODE = YES;
				CLANG_WARN__DUPLICATE_METHOD_MATCH = YES;
				COPY_PHASE_STRIP = NO;
				DEBUG_INFORMATION_FORMAT = dwarf;
				ENABLE_STRICT_OBJC_MSGSEND = YES;
				ENABLE_TESTABILITY = YES;
				GCC_C_LANGUAGE_STANDARD = gnu11;
				GCC_DYNAMIC_NO_PIC = NO;
				GCC_NO_COMMON_BLOCKS = YES;
				GCC_OPTIMIZATION_LEVEL = 0;
				GCC_PREPROCESSOR_DEFINITIONS = (
					"DEBUG=1",
					"$(inherited)",
				);
				GCC_WARN_64_TO_32_BIT_CONVERSION = YES;
				GCC_WARN_ABOUT_RETURN_TYPE = YES_ERROR;
				GCC_WARN_UNDECLARED_SELECTOR = YES;
				GCC_WARN_UNINITIALIZED_AUTOS = YES_AGGRESSIVE;
				GCC_WARN_UNUSED_FUNCTION = YES;
				GCC_WARN_UNUSED_VARIABLE = YES;
				IPHONEOS_DEPLOYMENT_TARGET = 13.2;
				MTL_ENABLE_DEBUG_INFO = INCLUDE_SOURCE;
				MTL_FAST_MATH = YES;
				ONLY_ACTIVE_ARCH = YES;
				SDKROOT = iphoneos;
			};
			name = Debug;
		};
		2AF886172466D15D00BD50CF /* Release */ = {
			isa = XCBuildConfiguration;
			buildSettings = {
				ALWAYS_SEARCH_USER_PATHS = NO;
				CLANG_ANALYZER_NONNULL = YES;
				CLANG_ANALYZER_NUMBER_OBJECT_CONVERSION = YES_AGGRESSIVE;
				CLANG_CXX_LANGUAGE_STANDARD = "gnu++14";
				CLANG_CXX_LIBRARY = "libc++";
				CLANG_ENABLE_MODULES = YES;
				CLANG_ENABLE_OBJC_ARC = YES;
				CLANG_ENABLE_OBJC_WEAK = YES;
				CLANG_WARN_BLOCK_CAPTURE_AUTORELEASING = YES;
				CLANG_WARN_BOOL_CONVERSION = YES;
				CLANG_WARN_COMMA = YES;
				CLANG_WARN_CONSTANT_CONVERSION = YES;
				CLANG_WARN_DEPRECATED_OBJC_IMPLEMENTATIONS = YES;
				CLANG_WARN_DIRECT_OBJC_ISA_USAGE = YES_ERROR;
				CLANG_WARN_DOCUMENTATION_COMMENTS = YES;
				CLANG_WARN_EMPTY_BODY = YES;
				CLANG_WARN_ENUM_CONVERSION = YES;
				CLANG_WARN_INFINITE_RECURSION = YES;
				CLANG_WARN_INT_CONVERSION = YES;
				CLANG_WARN_NON_LITERAL_NULL_CONVERSION = YES;
				CLANG_WARN_OBJC_IMPLICIT_RETAIN_SELF = YES;
				CLANG_WARN_OBJC_LITERAL_CONVERSION = YES;
				CLANG_WARN_OBJC_ROOT_CLASS = YES_ERROR;
				CLANG_WARN_RANGE_LOOP_ANALYSIS = YES;
				CLANG_WARN_STRICT_PROTOTYPES = YES;
				CLANG_WARN_SUSPICIOUS_MOVE = YES;
				CLANG_WARN_UNGUARDED_AVAILABILITY = YES_AGGRESSIVE;
				CLANG_WARN_UNREACHABLE_CODE = YES;
				CLANG_WARN__DUPLICATE_METHOD_MATCH = YES;
				COPY_PHASE_STRIP = NO;
				DEBUG_INFORMATION_FORMAT = "dwarf-with-dsym";
				ENABLE_NS_ASSERTIONS = NO;
				ENABLE_STRICT_OBJC_MSGSEND = YES;
				GCC_C_LANGUAGE_STANDARD = gnu11;
				GCC_NO_COMMON_BLOCKS = YES;
				GCC_WARN_64_TO_32_BIT_CONVERSION = YES;
				GCC_WARN_ABOUT_RETURN_TYPE = YES_ERROR;
				GCC_WARN_UNDECLARED_SELECTOR = YES;
				GCC_WARN_UNINITIALIZED_AUTOS = YES_AGGRESSIVE;
				GCC_WARN_UNUSED_FUNCTION = YES;
				GCC_WARN_UNUSED_VARIABLE = YES;
				IPHONEOS_DEPLOYMENT_TARGET = 13.2;
				MTL_ENABLE_DEBUG_INFO = NO;
				MTL_FAST_MATH = YES;
				SDKROOT = iphoneos;
				VALIDATE_PRODUCT = YES;
			};
			name = Release;
		};
		2AF886192466D15D00BD50CF /* Debug */ = {
			isa = XCBuildConfiguration;
			buildSettings = {
				ASSETCATALOG_COMPILER_APPICON_NAME = AppIcon;
				CODE_SIGN_STYLE = Automatic;
				DEVELOPMENT_TEAM = "";
				INFOPLIST_FILE = respring/Info.plist;
				LD_RUNPATH_SEARCH_PATHS = (
					"$(inherited)",
					"@executable_path/Frameworks",
				);
				ONLY_ACTIVE_ARCH = YES;
				PRODUCT_BUNDLE_IDENTIFIER = com.michael.killProcess;
				PRODUCT_NAME = "kill Process";
				TARGETED_DEVICE_FAMILY = "1,2";
			};
			name = Debug;
		};
		2AF8861A2466D15D00BD50CF /* Release */ = {
			isa = XCBuildConfiguration;
			buildSettings = {
				ASSETCATALOG_COMPILER_APPICON_NAME = AppIcon;
				CODE_SIGN_STYLE = Automatic;
				DEVELOPMENT_TEAM = "";
				INFOPLIST_FILE = respring/Info.plist;
				LD_RUNPATH_SEARCH_PATHS = (
					"$(inherited)",
					"@executable_path/Frameworks",
				);
				ONLY_ACTIVE_ARCH = NO;
				PRODUCT_BUNDLE_IDENTIFIER = com.michael.killProcess;
				PRODUCT_NAME = "kill Process";
				TARGETED_DEVICE_FAMILY = "1,2";
			};
			name = Release;
		};
/* End XCBuildConfiguration section */

/* Begin XCConfigurationList section */
		2AF885FA2466D15100BD50CF /* Build configuration list for PBXProject "respring" */ = {
			isa = XCConfigurationList;
			buildConfigurations = (
				2AF886162466D15D00BD50CF /* Debug */,
				2AF886172466D15D00BD50CF /* Release */,
			);
			defaultConfigurationIsVisible = 0;
			defaultConfigurationName = Release;
		};
		2AF886182466D15D00BD50CF /* Build configuration list for PBXNativeTarget "respring" */ = {
			isa = XCConfigurationList;
			buildConfigurations = (
				2AF886192466D15D00BD50CF /* Debug */,
				2AF8861A2466D15D00BD50CF /* Release */,
			);
			defaultConfigurationIsVisible = 0;
			defaultConfigurationName = Release;
		};
/* End XCConfigurationList section */
	};
	rootObject = 2AF885F72466D15100BD50CF /* Project object */;
}
